
Microsoft Visual Studio Solution File, Format Version 12.00
# Visual Studio 15
VisualStudioVersion = 15.0.28307.705
MinimumVisualStudioVersion = 10.0.40219.1
Project("{FAE04EC0-301F-11D3-BF4B-00C04F79EFBC}") = "ContentManagementSystem", "ContentManagementSystem\ContentManagementSystem.csproj", "{EC3CECD1-CF5D-47CE-ACA1-B5657CC3454E}"
EndProject
Project("{FAE04EC0-301F-11D3-BF4B-00C04F79EFBC}") = "DataAccesLayer", "DataAccesLayer\DataAccesLayer.csproj", "{4FC5EF76-2423-45C5-BAA6-F6D7ED253AB1}"
EndProject
Global
	GlobalSection(SolutionConfigurationPlatforms) = preSolution
		Debug|Any CPU = Debug|Any CPU
		Release|Any CPU = Release|Any CPU
	EndGlobalSection
	GlobalSection(ProjectConfigurationPlatforms) = postSolution
		{EC3CECD1-CF5D-47CE-ACA1-B5657CC3454E}.Debug|Any CPU.ActiveCfg = Debug|Any CPU
		{EC3CECD1-CF5D-47CE-ACA1-B5657CC3454E}.Debug|Any CPU.Build.0 = Debug|Any CPU
		{EC3CECD1-CF5D-47CE-ACA1-B5657CC3454E}.Release|Any CPU.ActiveCfg = Release|Any CPU
		{EC3CECD1-CF5D-47CE-ACA1-B5657CC3454E}.Release|Any CPU.Build.0 = Release|Any CPU
		{4FC5EF76-2423-45C5-BAA6-F6D7ED253AB1}.Debug|Any CPU.ActiveCfg = Debug|Any CPU
		{4FC5EF76-2423-45C5-BAA6-F6D7ED253AB1}.Debug|Any CPU.Build.0 = Debug|Any CPU
		{4FC5EF76-2423-45C5-BAA6-F6D7ED253AB1}.Release|Any CPU.ActiveCfg = Release|Any CPU
		{4FC5EF76-2423-45C5-BAA6-F6D7ED253AB1}.Release|Any CPU.Build.0 = Release|Any CPU
	EndGlobalSection
	GlobalSection(SolutionProperties) = preSolution
		HideSolutionNode = FALSE
	EndGlobalSection
	GlobalSection(ExtensibilityGlobals) = postSolution
		SolutionGuid = {23EB0412-8189-4CFF-9636-EFEF7C5403BA}
	EndGlobalSection
EndGlobal
